
Microsoft Visual Studio Solution File, Format Version 12.00
# Visual Studio Version 17
VisualStudioVersion = 17.6.33829.357
MinimumVisualStudioVersion = 10.0.40219.1
Project("{9A19103F-16F7-4668-BE54-9A1E7A4F7556}") = "TekhneCafe.Api", "TekhneCafe.Api\TekhneCafe.Api.csproj", "{BD9991F0-F957-48D4-AC47-5AD960DBAFE8}"
EndProject
Project("{9A19103F-16F7-4668-BE54-9A1E7A4F7556}") = "TekhneCafe.Business", "TekhneCafe.Business\TekhneCafe.Business.csproj", "{C8150ADF-9371-4DCF-BBE8-7BE79E9C103F}"
EndProject
Project("{9A19103F-16F7-4668-BE54-9A1E7A4F7556}") = "TekhneCafe.DataAccess", "TekhneCafe.DataAccess\TekhneCafe.DataAccess.csproj", "{2DC0E2DC-7AE1-4710-87B2-6BECAA6770B1}"
EndProject
Project("{9A19103F-16F7-4668-BE54-9A1E7A4F7556}") = "TekhneCafe.Core", "TekhneCafe.Core\TekhneCafe.Core.csproj", "{5360D3D9-B041-4721-BC24-0E7D4CDE8CF2}"
EndProject
Project("{9A19103F-16F7-4668-BE54-9A1E7A4F7556}") = "TekhneCafe.Entity", "TekhneCafe.Entity\TekhneCafe.Entity.csproj", "{A9765708-CF84-4340-B3A6-ED80EA580E0C}"
EndProject
Project("{FAE04EC0-301F-11D3-BF4B-00C04F79EFBC}") = "TekneCafe.SignalR", "TekneCafe.SignalR\TekneCafe.SignalR.csproj", "{21EF1C85-2A49-4C50-91E1-F325CB0CE156}"
EndProject
Global
	GlobalSection(SolutionConfigurationPlatforms) = preSolution
		Debug|Any CPU = Debug|Any CPU
		Release|Any CPU = Release|Any CPU
	EndGlobalSection
	GlobalSection(ProjectConfigurationPlatforms) = postSolution
		{BD9991F0-F957-48D4-AC47-5AD960DBAFE8}.Debug|Any CPU.ActiveCfg = Debug|Any CPU
		{BD9991F0-F957-48D4-AC47-5AD960DBAFE8}.Debug|Any CPU.Build.0 = Debug|Any CPU
		{BD9991F0-F957-48D4-AC47-5AD960DBAFE8}.Release|Any CPU.ActiveCfg = Release|Any CPU
		{BD9991F0-F957-48D4-AC47-5AD960DBAFE8}.Release|Any CPU.Build.0 = Release|Any CPU
		{C8150ADF-9371-4DCF-BBE8-7BE79E9C103F}.Debug|Any CPU.ActiveCfg = Debug|Any CPU
		{C8150ADF-9371-4DCF-BBE8-7BE79E9C103F}.Debug|Any CPU.Build.0 = Debug|Any CPU
		{C8150ADF-9371-4DCF-BBE8-7BE79E9C103F}.Release|Any CPU.ActiveCfg = Release|Any CPU
		{C8150ADF-9371-4DCF-BBE8-7BE79E9C103F}.Release|Any CPU.Build.0 = Release|Any CPU
		{2DC0E2DC-7AE1-4710-87B2-6BECAA6770B1}.Debug|Any CPU.ActiveCfg = Debug|Any CPU
		{2DC0E2DC-7AE1-4710-87B2-6BECAA6770B1}.Debug|Any CPU.Build.0 = Debug|Any CPU
		{2DC0E2DC-7AE1-4710-87B2-6BECAA6770B1}.Release|Any CPU.ActiveCfg = Release|Any CPU
		{2DC0E2DC-7AE1-4710-87B2-6BECAA6770B1}.Release|Any CPU.Build.0 = Release|Any CPU
		{5360D3D9-B041-4721-BC24-0E7D4CDE8CF2}.Debug|Any CPU.ActiveCfg = Debug|Any CPU
		{5360D3D9-B041-4721-BC24-0E7D4CDE8CF2}.Debug|Any CPU.Build.0 = Debug|Any CPU
		{5360D3D9-B041-4721-BC24-0E7D4CDE8CF2}.Release|Any CPU.ActiveCfg = Release|Any CPU
		{5360D3D9-B041-4721-BC24-0E7D4CDE8CF2}.Release|Any CPU.Build.0 = Release|Any CPU
		{A9765708-CF84-4340-B3A6-ED80EA580E0C}.Debug|Any CPU.ActiveCfg = Debug|Any CPU
		{A9765708-CF84-4340-B3A6-ED80EA580E0C}.Debug|Any CPU.Build.0 = Debug|Any CPU
		{A9765708-CF84-4340-B3A6-ED80EA580E0C}.Release|Any CPU.ActiveCfg = Release|Any CPU
		{A9765708-CF84-4340-B3A6-ED80EA580E0C}.Release|Any CPU.Build.0 = Release|Any CPU
		{21EF1C85-2A49-4C50-91E1-F325CB0CE156}.Debug|Any CPU.ActiveCfg = Debug|Any CPU
		{21EF1C85-2A49-4C50-91E1-F325CB0CE156}.Debug|Any CPU.Build.0 = Debug|Any CPU
		{21EF1C85-2A49-4C50-91E1-F325CB0CE156}.Release|Any CPU.ActiveCfg = Release|Any CPU
		{21EF1C85-2A49-4C50-91E1-F325CB0CE156}.Release|Any CPU.Build.0 = Release|Any CPU
	EndGlobalSection
	GlobalSection(SolutionProperties) = preSolution
		HideSolutionNode = FALSE
	EndGlobalSection
	GlobalSection(ExtensibilityGlobals) = postSolution
		SolutionGuid = {F5ADA344-2C78-4923-AC6A-9490AB09354E}
	EndGlobalSection
EndGlobal
